
Microsoft Visual Studio Solution File, Format Version 12.00
# Visual Studio Version 17
VisualStudioVersion = 17.4.33122.133
MinimumVisualStudioVersion = 10.0.40219.1
Project("{FAE04EC0-301F-11D3-BF4B-00C04F79EFBC}") = "GrainServiceApp", "GrainServiceApp.csproj", "{3907ACC7-000F-4F22-A014-6967E978D362}"
EndProject
Global
	GlobalSection(SolutionConfigurationPlatforms) = preSolution
		Debug|Any CPU = Debug|Any CPU
		Release|Any CPU = Release|Any CPU
	EndGlobalSection
	GlobalSection(ProjectConfigurationPlatforms) = postSolution
		{3907ACC7-000F-4F22-A014-6967E978D362}.Debug|Any CPU.ActiveCfg = Debug|Any CPU
		{3907ACC7-000F-4F22-A014-6967E978D362}.Debug|Any CPU.Build.0 = Debug|Any CPU
		{3907ACC7-000F-4F22-A014-6967E978D362}.Release|Any CPU.ActiveCfg = Release|Any CPU
		{3907ACC7-000F-4F22-A014-6967E978D362}.Release|Any CPU.Build.0 = Release|Any CPU
	EndGlobalSection
	GlobalSection(SolutionProperties) = preSolution
		HideSolutionNode = FALSE
	EndGlobalSection
	GlobalSection(ExtensibilityGlobals) = postSolution
		SolutionGuid = {DB75D0CC-A0F1-4CA2-BF4C-304F548C5FE4}
	EndGlobalSection
EndGlobal
